{
  "_captured": "2026-08-08T03:44:16.696767+00:00",
  "_source": "https://raw.githubusercontent.com/github/docs/main/data/tables/copilot/models-and-pricing.yml",
  "_yaml_path": "/home/runner/work/copilot-session-usage/copilot-session-usage/src/copilot_session_usage/data/models-and-pricing.yml",
  "model_count": 36,
  "checksum": "a23f8c498f40aff7"
}
