{
  "_captured": "2026-08-14T21:34:02.601564+00:00",
  "_source": "https://raw.githubusercontent.com/github/docs/main/data/tables/copilot/models-and-pricing.yml",
  "_yaml_path": "/home/runner/work/copilot-session-usage/copilot-session-usage/src/copilot_session_usage/data/models-and-pricing.yml",
  "model_count": 40,
  "checksum": "f03c3e1a6eb7f334"
}
