{
  "_captured": "2026-08-04T05:25:32.319897+00:00",
  "_source": "https://raw.githubusercontent.com/github/docs/main/data/tables/copilot/models-and-pricing.yml",
  "_yaml_path": "/home/runner/work/copilot-session-usage/copilot-session-usage/src/copilot_session_usage/data/models-and-pricing.yml",
  "model_count": 35,
  "checksum": "4d0edb1c05af21c5"
}
